
Microsoft Visual Studio Solution File, Format Version 12.00
# Visual Studio Version 17
VisualStudioVersion = 17.7.34031.279
MinimumVisualStudioVersion = 10.0.40219.1
Project("{8BC9CEB8-8B4A-11D0-8D11-00A0C91BC942}") = "Lab 6.3 rec", "Lab 6.3 rec\Lab 6.3 rec.vcxproj", "{B9C9987A-4EAD-42F4-9337-9B3B02769A2C}"
EndProject
Project("{8BC9CEB8-8B4A-11D0-8D11-00A0C91BC942}") = "UnitTest1", "UnitTest1\UnitTest1.vcxproj", "{7CAC38CF-CF3C-413E-9AB2-66C2A28DD2B9}"
EndProject
Global
	GlobalSection(SolutionConfigurationPlatforms) = preSolution
		Debug|x64 = Debug|x64
		Debug|x86 = Debug|x86
		Release|x64 = Release|x64
		Release|x86 = Release|x86
	EndGlobalSection
	GlobalSection(ProjectConfigurationPlatforms) = postSolution
		{B9C9987A-4EAD-42F4-9337-9B3B02769A2C}.Debug|x64.ActiveCfg = Debug|x64
		{B9C9987A-4EAD-42F4-9337-9B3B02769A2C}.Debug|x64.Build.0 = Debug|x64
		{B9C9987A-4EAD-42F4-9337-9B3B02769A2C}.Debug|x86.ActiveCfg = Debug|Win32
		{B9C9987A-4EAD-42F4-9337-9B3B02769A2C}.Debug|x86.Build.0 = Debug|Win32
		{B9C9987A-4EAD-42F4-9337-9B3B02769A2C}.Release|x64.ActiveCfg = Release|x64
		{B9C9987A-4EAD-42F4-9337-9B3B02769A2C}.Release|x64.Build.0 = Release|x64
		{B9C9987A-4EAD-42F4-9337-9B3B02769A2C}.Release|x86.ActiveCfg = Release|Win32
		{B9C9987A-4EAD-42F4-9337-9B3B02769A2C}.Release|x86.Build.0 = Release|Win32
		{7CAC38CF-CF3C-413E-9AB2-66C2A28DD2B9}.Debug|x64.ActiveCfg = Debug|x64
		{7CAC38CF-CF3C-413E-9AB2-66C2A28DD2B9}.Debug|x64.Build.0 = Debug|x64
		{7CAC38CF-CF3C-413E-9AB2-66C2A28DD2B9}.Debug|x86.ActiveCfg = Debug|Win32
		{7CAC38CF-CF3C-413E-9AB2-66C2A28DD2B9}.Debug|x86.Build.0 = Debug|Win32
		{7CAC38CF-CF3C-413E-9AB2-66C2A28DD2B9}.Release|x64.ActiveCfg = Release|x64
		{7CAC38CF-CF3C-413E-9AB2-66C2A28DD2B9}.Release|x64.Build.0 = Release|x64
		{7CAC38CF-CF3C-413E-9AB2-66C2A28DD2B9}.Release|x86.ActiveCfg = Release|Win32
		{7CAC38CF-CF3C-413E-9AB2-66C2A28DD2B9}.Release|x86.Build.0 = Release|Win32
	EndGlobalSection
	GlobalSection(SolutionProperties) = preSolution
		HideSolutionNode = FALSE
	EndGlobalSection
	GlobalSection(ExtensibilityGlobals) = postSolution
		SolutionGuid = {0CD173A4-F314-4E7B-B017-CB85D852116D}
	EndGlobalSection
EndGlobal
